
Microsoft Visual Studio Solution File, Format Version 12.00
# Visual Studio Version 17
VisualStudioVersion = 17.2.32630.192
MinimumVisualStudioVersion = 10.0.40219.1
Project("{FAE04EC0-301F-11D3-BF4B-00C04F79EFBC}") = "Zvovon_application", "Zvovon_application\Zvovon_application.csproj", "{FF7DFF79-979D-43AD-A0AA-E3AE6E3EA89D}"
EndProject
Project("{FAE04EC0-301F-11D3-BF4B-00C04F79EFBC}") = "Services", "Services\Services.csproj", "{1746DCB1-EF56-4183-993C-231B84A1FB6A}"
EndProject
Global
	GlobalSection(SolutionConfigurationPlatforms) = preSolution
		Debug|Any CPU = Debug|Any CPU
		Release|Any CPU = Release|Any CPU
	EndGlobalSection
	GlobalSection(ProjectConfigurationPlatforms) = postSolution
		{FF7DFF79-979D-43AD-A0AA-E3AE6E3EA89D}.Debug|Any CPU.ActiveCfg = Debug|Any CPU
		{FF7DFF79-979D-43AD-A0AA-E3AE6E3EA89D}.Debug|Any CPU.Build.0 = Debug|Any CPU
		{FF7DFF79-979D-43AD-A0AA-E3AE6E3EA89D}.Release|Any CPU.ActiveCfg = Release|Any CPU
		{FF7DFF79-979D-43AD-A0AA-E3AE6E3EA89D}.Release|Any CPU.Build.0 = Release|Any CPU
		{1746DCB1-EF56-4183-993C-231B84A1FB6A}.Debug|Any CPU.ActiveCfg = Debug|Any CPU
		{1746DCB1-EF56-4183-993C-231B84A1FB6A}.Debug|Any CPU.Build.0 = Debug|Any CPU
		{1746DCB1-EF56-4183-993C-231B84A1FB6A}.Release|Any CPU.ActiveCfg = Release|Any CPU
		{1746DCB1-EF56-4183-993C-231B84A1FB6A}.Release|Any CPU.Build.0 = Release|Any CPU
	EndGlobalSection
	GlobalSection(SolutionProperties) = preSolution
		HideSolutionNode = FALSE
	EndGlobalSection
	GlobalSection(ExtensibilityGlobals) = postSolution
		SolutionGuid = {969703D8-8B15-4BC0-A6AC-5D516D09AD34}
	EndGlobalSection
EndGlobal
